PODS:
  - ActionSheetPicker-3.0 (2.7.1)
  - GDataXML-HTML (1.4.1)
  - MaterialComponents/ActivityIndicator (119.5.0):
    - MaterialComponents/Palettes
    - MaterialComponents/private/Application
    - MDFInternationalization
    - MotionAnimator (~> 2.0)
  - MaterialComponents/AnimationTiming (119.5.0)
  - MaterialComponents/Availability (119.5.0)
  - MaterialComponents/BottomAppBar (119.5.0):
    - MaterialComponents/Buttons
    - MaterialComponents/NavigationBar
    - MaterialComponents/private/Math
    - MDFInternationalization
  - MaterialComponents/ButtonBar (119.5.0):
    - MaterialComponents/Buttons
    - MaterialComponents/private/Application
    - MDFInternationalization
  - MaterialComponents/Buttons (119.5.0):
    - MaterialComponents/Elevation
    - MaterialComponents/Ink
    - MaterialComponents/private/Math
    - MaterialComponents/Ripple
    - MaterialComponents/ShadowElevations
    - MaterialComponents/ShadowLayer
    - MaterialComponents/ShapeLibrary
    - MaterialComponents/Shapes
    - MaterialComponents/Typography
    - MDFInternationalization
    - MDFTextAccessibility
  - MaterialComponents/Elevation (119.5.0):
    - MaterialComponents/Availability
    - MaterialComponents/private/Color
    - MaterialComponents/private/Math
  - MaterialComponents/Ink (119.5.0):
    - MaterialComponents/Availability
    - MaterialComponents/private/Color
    - MaterialComponents/private/Math
  - MaterialComponents/NavigationBar (119.5.0):
    - MaterialComponents/ButtonBar
    - MaterialComponents/Elevation
    - MaterialComponents/private/Math
    - MaterialComponents/Typography
    - MDFInternationalization
    - MDFTextAccessibility
  - MaterialComponents/Palettes (119.5.0)
  - MaterialComponents/private/Application (119.5.0)
  - MaterialComponents/private/Color (119.5.0):
    - MaterialComponents/Availability
  - MaterialComponents/private/Math (119.5.0)
  - MaterialComponents/Ripple (119.5.0):
    - MaterialComponents/AnimationTiming
    - MaterialComponents/Availability
    - MaterialComponents/private/Color
    - MaterialComponents/private/Math
  - MaterialComponents/ShadowElevations (119.5.0)
  - MaterialComponents/ShadowLayer (119.5.0):
    - MaterialComponents/ShadowElevations
  - MaterialComponents/ShapeLibrary (119.5.0):
    - MaterialComponents/private/Math
    - MaterialComponents/Shapes
  - MaterialComponents/Shapes (119.5.0):
    - MaterialComponents/private/Color
    - MaterialComponents/private/Math
    - MaterialComponents/ShadowLayer
  - MaterialComponents/Typography (119.5.0):
    - MaterialComponents/private/Application
    - MaterialComponents/private/Math
    - MDFTextAccessibility
  - MBProgressHUD (1.2.0)
  - MDFInternationalization (2.0.0)
  - MDFTextAccessibility (2.0.1)
  - MotionAnimator (2.8.1):
    - MotionInterchange (~> 1.6)
  - MotionInterchange (1.6.0)
  - Toaster (2.3.0)

DEPENDENCIES:
  - ActionSheetPicker-3.0
  - GDataXML-HTML (~> 1.4.1)
  - MaterialComponents/ActivityIndicator (= 119.5.0)
  - MaterialComponents/BottomAppBar (= 119.5.0)
  - MBProgressHUD (~> 1.2.0)
  - MDFInternationalization (= 2.0.0)
  - Toaster (= 2.3.0)

SPEC REPOS:
  https://github.com/CocoaPods/Specs.git:
    - ActionSheetPicker-3.0
    - GDataXML-HTML
    - MaterialComponents
    - MBProgressHUD
    - MDFInternationalization
    - MDFTextAccessibility
    - MotionAnimator
    - MotionInterchange
    - Toaster

SPEC CHECKSUMS:
  ActionSheetPicker-3.0: 36da254b97a09ff89679ecb8b8510bd3e5bdc773
  GDataXML-HTML: a4f11079b48d9fe96ff1fe478943a317185227e2
  MaterialComponents: 2cdc12c16528ed7e6f1d5bd6d6927c47f9f4e90f
  MBProgressHUD: 3ee5efcc380f6a79a7cc9b363dd669c5e1ae7406
  MDFInternationalization: 010097556d6b09d2c4ea38e0820ea6d37be6a314
  MDFTextAccessibility: f4bb4cc2194286651b59a215fdeaa0e05dc90ba5
  MotionAnimator: ee16aa30567c5bae0fb2750c132915829cfaaf8a
  MotionInterchange: ead0e3ae1f3a5fb539e289debbc7ae036160a10d
  Toaster: c3473963c78e8cabbf6ea6f11ad0fdaae6f54987

PODFILE CHECKSUM: 325b596bec1b549ea4cd413b39dc3484d3b7da2a

COCOAPODS: 1.10.0
