PODS:
  - ActionSheetPicker-3.0 (2.7.1)
  - GDataXML-HTML (1.4.1)
  - MBProgressHUD (1.2.0)
  - Toaster (2.3.0)

DEPENDENCIES:
  - ActionSheetPicker-3.0
  - GDataXML-HTML (~> 1.4.1)
  - MBProgressHUD (~> 1.2.0)
  - Toaster (= 2.3.0)

SPEC REPOS:
  https://github.com/CocoaPods/Specs.git:
    - ActionSheetPicker-3.0
    - GDataXML-HTML
    - MBProgressHUD
    - Toaster

SPEC CHECKSUMS:
  ActionSheetPicker-3.0: 36da254b97a09ff89679ecb8b8510bd3e5bdc773
  GDataXML-HTML: a4f11079b48d9fe96ff1fe478943a317185227e2
  MBProgressHUD: 3ee5efcc380f6a79a7cc9b363dd669c5e1ae7406
  Toaster: c3473963c78e8cabbf6ea6f11ad0fdaae6f54987

PODFILE CHECKSUM: 5c987abc8c8361da8681f90567d85af96fd071b1

COCOAPODS: 1.11.3
